
Microsoft Visual Studio Solution File, Format Version 12.00
# Visual Studio Version 17
VisualStudioVersion = 17.3.32929.385
MinimumVisualStudioVersion = 10.0.40219.1
Project("{9A19103F-16F7-4668-BE54-9A1E7A4F7556}") = "autogenerate_proto", "autogenerate_proto.csproj", "{854FCBB4-4887-462D-A386-C3E800C728C1}"
EndProject
Global
	GlobalSection(SolutionConfigurationPlatforms) = preSolution
		Debug|Any CPU = Debug|Any CPU
		Release|Any CPU = Release|Any CPU
	EndGlobalSection
	GlobalSection(ProjectConfigurationPlatforms) = postSolution
		{854FCBB4-4887-462D-A386-C3E800C728C1}.Debug|Any CPU.ActiveCfg = Debug|Any CPU
		{854FCBB4-4887-462D-A386-C3E800C728C1}.Debug|Any CPU.Build.0 = Debug|Any CPU
		{854FCBB4-4887-462D-A386-C3E800C728C1}.Release|Any CPU.ActiveCfg = Release|Any CPU
		{854FCBB4-4887-462D-A386-C3E800C728C1}.Release|Any CPU.Build.0 = Release|Any CPU
	EndGlobalSection
	GlobalSection(SolutionProperties) = preSolution
		HideSolutionNode = FALSE
	EndGlobalSection
	GlobalSection(ExtensibilityGlobals) = postSolution
		SolutionGuid = {3D0B80B2-0E48-44CF-9153-93FBC0317EFF}
	EndGlobalSection
EndGlobal
